// !$*UTF8*$!
{
	archiveVersion = 1;
	classes = {
	};
	objectVersion = 50;
	objects = {

/* Begin PBXBuildFile section */
		13156C2C2616632D00EE8CB5 /* MainCityTableViewCell+extenshion.swift in Sources */ = {isa = PBXBuildFile; fileRef = 13156C2B2616632D00EE8CB5 /* MainCityTableViewCell+extenshion.swift */; };
		132342AC2602392D00B0C063 /* AppDelegate.swift in Sources */ = {isa = PBXBuildFile; fileRef = 132342AB2602392D00B0C063 /* AppDelegate.swift */; };
		132342AE2602392D00B0C063 /* SceneDelegate.swift in Sources */ = {isa = PBXBuildFile; fileRef = 132342AD2602392D00B0C063 /* SceneDelegate.swift */; };
		132342B02602392D00B0C063 /* ViewController.swift in Sources */ = {isa = PBXBuildFile; fileRef = 132342AF2602392D00B0C063 /* ViewController.swift */; };
		132342B32602392D00B0C063 /* Main.storyboard in Resources */ = {isa = PBXBuildFile; fileRef = 132342B12602392D00B0C063 /* Main.storyboard */; };
		132342B52602392F00B0C063 /* Assets.xcassets in Resources */ = {isa = PBXBuildFile; fileRef = 132342B42602392F00B0C063 /* Assets.xcassets */; };
		132342B82602392F00B0C063 /* LaunchScreen.storyboard in Resources */ = {isa = PBXBuildFile; fileRef = 132342B62602392F00B0C063 /* LaunchScreen.storyboard */; };
		132342C1260239CA00B0C063 /* ViewData.swift in Sources */ = {isa = PBXBuildFile; fileRef = 132342C0260239CA00B0C063 /* ViewData.swift */; };
		132342C626023ABF00B0C063 /* MainViewModel.swift in Sources */ = {isa = PBXBuildFile; fileRef = 132342C526023ABF00B0C063 /* MainViewModel.swift */; };
		132342C826023D6C00B0C063 /* TestView.swift in Sources */ = {isa = PBXBuildFile; fileRef = 132342C726023D6C00B0C063 /* TestView.swift */; };
		132342CA26023DB900B0C063 /* TestView + Extension.swift in Sources */ = {isa = PBXBuildFile; fileRef = 132342C926023DB900B0C063 /* TestView + Extension.swift */; };
		132342CF26024E3D00B0C063 /* NetworkService.swift in Sources */ = {isa = PBXBuildFile; fileRef = 132342CE26024E3D00B0C063 /* NetworkService.swift */; };
		1332D9872609D70F0097F7CA /* MyCollectionViewController.swift in Sources */ = {isa = PBXBuildFile; fileRef = 1332D9862609D70F0097F7CA /* MyCollectionViewController.swift */; };
		1332D98F2609F8D20097F7CA /* MainCityTableViewController.swift in Sources */ = {isa = PBXBuildFile; fileRef = 1332D98E2609F8D20097F7CA /* MainCityTableViewController.swift */; };
		1332D9932609FB110097F7CA /* MainCityTableViewCell.swift in Sources */ = {isa = PBXBuildFile; fileRef = 1332D9922609FB110097F7CA /* MainCityTableViewCell.swift */; };
		1332D9952609FC240097F7CA /* MainCityViewModel.swift in Sources */ = {isa = PBXBuildFile; fileRef = 1332D9942609FC240097F7CA /* MainCityViewModel.swift */; };
		13384B7D26135D7C00A18564 /* SearchViewModel.swift in Sources */ = {isa = PBXBuildFile; fileRef = 13384B7C26135D7C00A18564 /* SearchViewModel.swift */; };
		13384B7F26135FC300A18564 /* SearchViewCell.swift in Sources */ = {isa = PBXBuildFile; fileRef = 13384B7E26135FC300A18564 /* SearchViewCell.swift */; };
		1362F1212604A569009D32A6 /* WeatherModel.swift in Sources */ = {isa = PBXBuildFile; fileRef = 1362F1202604A569009D32A6 /* WeatherModel.swift */; };
		1372A07926123B3E00A3090F /* CityModel.swift in Sources */ = {isa = PBXBuildFile; fileRef = 1372A07826123B3E00A3090F /* CityModel.swift */; };
		138706E22614895D00ADDF9C /* DetailViewController.swift in Sources */ = {isa = PBXBuildFile; fileRef = 138706E12614895D00ADDF9C /* DetailViewController.swift */; };
		138706E72614A51900ADDF9C /* DetailView.swift in Sources */ = {isa = PBXBuildFile; fileRef = 138706E62614A51900ADDF9C /* DetailView.swift */; };
		138706E92614A56600ADDF9C /* DetailView + Extenshion.swift in Sources */ = {isa = PBXBuildFile; fileRef = 138706E82614A56600ADDF9C /* DetailView + Extenshion.swift */; };
		138706EB2614A7B100ADDF9C /* DetailViewViewModel.swift in Sources */ = {isa = PBXBuildFile; fileRef = 138706EA2614A7B100ADDF9C /* DetailViewViewModel.swift */; };
		13B17CD9260A72DA0034D45C /* DefaultSettings.swift in Sources */ = {isa = PBXBuildFile; fileRef = 13B17CD8260A72DA0034D45C /* DefaultSettings.swift */; };
		13C5444C2612034F0027E0A6 /* SearchViewController.swift in Sources */ = {isa = PBXBuildFile; fileRef = 13C5444B2612034F0027E0A6 /* SearchViewController.swift */; };
/* End PBXBuildFile section */

/* Begin PBXFileReference section */
		13156C2B2616632D00EE8CB5 /* MainCityTableViewCell+extenshion.swift */ = {isa = PBXFileReference; lastKnownFileType = sourcecode.swift; path = "MainCityTableViewCell+extenshion.swift"; sourceTree = "<group>"; };
		132342A82602392D00B0C063 /* WeatherAppMVVM.app */ = {isa = PBXFileReference; explicitFileType = wrapper.application; includeInIndex = 0; path = WeatherAppMVVM.app; sourceTree = BUILT_PRODUCTS_DIR; };
		132342AB2602392D00B0C063 /* AppDelegate.swift */ = {isa = PBXFileReference; lastKnownFileType = sourcecode.swift; path = AppDelegate.swift; sourceTree = "<group>"; };
		132342AD2602392D00B0C063 /* SceneDelegate.swift */ = {isa = PBXFileReference; lastKnownFileType = sourcecode.swift; path = SceneDelegate.swift; sourceTree = "<group>"; };
		132342AF2602392D00B0C063 /* ViewController.swift */ = {isa = PBXFileReference; lastKnownFileType = sourcecode.swift; path = ViewController.swift; sourceTree = "<group>"; };
		132342B22602392D00B0C063 /* Base */ = {isa = PBXFileReference; lastKnownFileType = file.storyboard; name = Base; path = Base.lproj/Main.storyboard; sourceTree = "<group>"; };
		132342B42602392F00B0C063 /* Assets.xcassets */ = {isa = PBXFileReference; lastKnownFileType = folder.assetcatalog; path = Assets.xcassets; sourceTree = "<group>"; };
		132342B72602392F00B0C063 /* Base */ = {isa = PBXFileReference; lastKnownFileType = file.storyboard; name = Base; path = Base.lproj/LaunchScreen.storyboard; sourceTree = "<group>"; };
		132342B92602392F00B0C063 /* Info.plist */ = {isa = PBXFileReference; lastKnownFileType = text.plist.xml; path = Info.plist; sourceTree = "<group>"; };
		132342C0260239CA00B0C063 /* ViewData.swift */ = {isa = PBXFileReference; lastKnownFileType = sourcecode.swift; path = ViewData.swift; sourceTree = "<group>"; };
		132342C526023ABF00B0C063 /* MainViewModel.swift */ = {isa = PBXFileReference; lastKnownFileType = sourcecode.swift; path = MainViewModel.swift; sourceTree = "<group>"; };
		132342C726023D6C00B0C063 /* TestView.swift */ = {isa = PBXFileReference; lastKnownFileType = sourcecode.swift; path = TestView.swift; sourceTree = "<group>"; };
		132342C926023DB900B0C063 /* TestView + Extension.swift */ = {isa = PBXFileReference; lastKnownFileType = sourcecode.swift; path = "TestView + Extension.swift"; sourceTree = "<group>"; };
		132342CE26024E3D00B0C063 /* NetworkService.swift */ = {isa = PBXFileReference; lastKnownFileType = sourcecode.swift; path = NetworkService.swift; sourceTree = "<group>"; };
		1332D9862609D70F0097F7CA /* MyCollectionViewController.swift */ = {isa = PBXFileReference; lastKnownFileType = sourcecode.swift; path = MyCollectionViewController.swift; sourceTree = "<group>"; };
		1332D98E2609F8D20097F7CA /* MainCityTableViewController.swift */ = {isa = PBXFileReference; lastKnownFileType = sourcecode.swift; path = MainCityTableViewController.swift; sourceTree = "<group>"; };
		1332D9922609FB110097F7CA /* MainCityTableViewCell.swift */ = {isa = PBXFileReference; lastKnownFileType = sourcecode.swift; path = MainCityTableViewCell.swift; sourceTree = "<group>"; };
		1332D9942609FC240097F7CA /* MainCityViewModel.swift */ = {isa = PBXFileReference; lastKnownFileType = sourcecode.swift; path = MainCityViewModel.swift; sourceTree = "<group>"; };
		13384B7C26135D7C00A18564 /* SearchViewModel.swift */ = {isa = PBXFileReference; lastKnownFileType = sourcecode.swift; path = SearchViewModel.swift; sourceTree = "<group>"; };
		13384B7E26135FC300A18564 /* SearchViewCell.swift */ = {isa = PBXFileReference; lastKnownFileType = sourcecode.swift; path = SearchViewCell.swift; sourceTree = "<group>"; };
		1362F1202604A569009D32A6 /* WeatherModel.swift */ = {isa = PBXFileReference; lastKnownFileType = sourcecode.swift; path = WeatherModel.swift; sourceTree = "<group>"; };
		1372A07826123B3E00A3090F /* CityModel.swift */ = {isa = PBXFileReference; lastKnownFileType = sourcecode.swift; path = CityModel.swift; sourceTree = "<group>"; };
		138706E12614895D00ADDF9C /* DetailViewController.swift */ = {isa = PBXFileReference; lastKnownFileType = sourcecode.swift; path = DetailViewController.swift; sourceTree = "<group>"; };
		138706E62614A51900ADDF9C /* DetailView.swift */ = {isa = PBXFileReference; lastKnownFileType = sourcecode.swift; path = DetailView.swift; sourceTree = "<group>"; };
		138706E82614A56600ADDF9C /* DetailView + Extenshion.swift */ = {isa = PBXFileReference; lastKnownFileType = sourcecode.swift; path = "DetailView + Extenshion.swift"; sourceTree = "<group>"; };
		138706EA2614A7B100ADDF9C /* DetailViewViewModel.swift */ = {isa = PBXFileReference; lastKnownFileType = sourcecode.swift; path = DetailViewViewModel.swift; sourceTree = "<group>"; };
		13B17CD8260A72DA0034D45C /* DefaultSettings.swift */ = {isa = PBXFileReference; lastKnownFileType = sourcecode.swift; path = DefaultSettings.swift; sourceTree = "<group>"; };
		13C5444B2612034F0027E0A6 /* SearchViewController.swift */ = {isa = PBXFileReference; lastKnownFileType = sourcecode.swift; path = SearchViewController.swift; sourceTree = "<group>"; };
/* End PBXFileReference section */

/* Begin PBXFrameworksBuildPhase section */
		132342A52602392D00B0C063 /* Frameworks */ = {
			isa = PBXFrameworksBuildPhase;
			buildActionMask = 2147483647;
			files = (
			);
			runOnlyForDeploymentPostprocessing = 0;
		};
/* End PBXFrameworksBuildPhase section */

/* Begin PBXGroup section */
		1323429F2602392D00B0C063 = {
			isa = PBXGroup;
			children = (
				132342AA2602392D00B0C063 /* WeatherAppMVVM */,
				132342A92602392D00B0C063 /* Products */,
				62C268D7BCA9FACBE1EACB07 /* Pods */,
			);
			sourceTree = "<group>";
		};
		132342A92602392D00B0C063 /* Products */ = {
			isa = PBXGroup;
			children = (
				132342A82602392D00B0C063 /* WeatherAppMVVM.app */,
			);
			name = Products;
			sourceTree = "<group>";
		};
		132342AA2602392D00B0C063 /* WeatherAppMVVM */ = {
			isa = PBXGroup;
			children = (
				138706E02614884400ADDF9C /* ModuleDetail */,
				13C5444A261202EF0027E0A6 /* ModuleSearch */,
				1332D9882609F8440097F7CA /* ModuleShortCityList */,
				132342CB26024D6D00B0C063 /* ServicesTools */,
				132342AB2602392D00B0C063 /* AppDelegate.swift */,
				132342AD2602392D00B0C063 /* SceneDelegate.swift */,
				132342B42602392F00B0C063 /* Assets.xcassets */,
				132342B92602392F00B0C063 /* Info.plist */,
				13B17CD8260A72DA0034D45C /* DefaultSettings.swift */,
				138C665F2619DDA6007DFC6C /* Storyboard */,
				132342BF260239A500B0C063 /* TestModulePreloade */,
			);
			path = WeatherAppMVVM;
			sourceTree = "<group>";
		};
		132342BF260239A500B0C063 /* TestModulePreloade */ = {
			isa = PBXGroup;
			children = (
				132342C226023A6800B0C063 /* Model */,
				132342C326023A7800B0C063 /* View */,
				132342C426023A7F00B0C063 /* ViewModel */,
			);
			path = TestModulePreloade;
			sourceTree = "<group>";
		};
		132342C226023A6800B0C063 /* Model */ = {
			isa = PBXGroup;
			children = (
				132342C0260239CA00B0C063 /* ViewData.swift */,
			);
			path = Model;
			sourceTree = "<group>";
		};
		132342C326023A7800B0C063 /* View */ = {
			isa = PBXGroup;
			children = (
				132342AF2602392D00B0C063 /* ViewController.swift */,
				132342C726023D6C00B0C063 /* TestView.swift */,
				132342C926023DB900B0C063 /* TestView + Extension.swift */,
				1332D9862609D70F0097F7CA /* MyCollectionViewController.swift */,
			);
			path = View;
			sourceTree = "<group>";
		};
		132342C426023A7F00B0C063 /* ViewModel */ = {
			isa = PBXGroup;
			children = (
				132342C526023ABF00B0C063 /* MainViewModel.swift */,
			);
			path = ViewModel;
			sourceTree = "<group>";
		};
		132342CB26024D6D00B0C063 /* ServicesTools */ = {
			isa = PBXGroup;
			children = (
				132342CE26024E3D00B0C063 /* NetworkService.swift */,
			);
			path = ServicesTools;
			sourceTree = "<group>";
		};
		1332D9882609F8440097F7CA /* ModuleShortCityList */ = {
			isa = PBXGroup;
			children = (
				1332D9892609F8610097F7CA /* Model */,
				1332D98A2609F8720097F7CA /* View */,
				1332D98B2609F88D0097F7CA /* ViewModel */,
			);
			path = ModuleShortCityList;
			sourceTree = "<group>";
		};
		1332D9892609F8610097F7CA /* Model */ = {
			isa = PBXGroup;
			children = (
				1362F1202604A569009D32A6 /* WeatherModel.swift */,
			);
			path = Model;
			sourceTree = "<group>";
		};
		1332D98A2609F8720097F7CA /* View */ = {
			isa = PBXGroup;
			children = (
				1332D98C2609F8BA0097F7CA /* View */,
				1332D98D2609F8C10097F7CA /* Controller */,
			);
			path = View;
			sourceTree = "<group>";
		};
		1332D98B2609F88D0097F7CA /* ViewModel */ = {
			isa = PBXGroup;
			children = (
				1332D9942609FC240097F7CA /* MainCityViewModel.swift */,
			);
			path = ViewModel;
			sourceTree = "<group>";
		};
		1332D98C2609F8BA0097F7CA /* View */ = {
			isa = PBXGroup;
			children = (
				1332D9922609FB110097F7CA /* MainCityTableViewCell.swift */,
				13156C2B2616632D00EE8CB5 /* MainCityTableViewCell+extenshion.swift */,
			);
			path = View;
			sourceTree = "<group>";
		};
		1332D98D2609F8C10097F7CA /* Controller */ = {
			isa = PBXGroup;
			children = (
				1332D98E2609F8D20097F7CA /* MainCityTableViewController.swift */,
			);
			path = Controller;
			sourceTree = "<group>";
		};
		13384B7826135C8E00A18564 /* Model */ = {
			isa = PBXGroup;
			children = (
				1372A07726123B1000A3090F /* City */,
			);
			path = Model;
			sourceTree = "<group>";
		};
		13384B7A26135C9C00A18564 /* View */ = {
			isa = PBXGroup;
			children = (
				13C5444B2612034F0027E0A6 /* SearchViewController.swift */,
				13384B7E26135FC300A18564 /* SearchViewCell.swift */,
			);
			path = View;
			sourceTree = "<group>";
		};
		13384B7B26135CA100A18564 /* ViewModel */ = {
			isa = PBXGroup;
			children = (
				13384B7C26135D7C00A18564 /* SearchViewModel.swift */,
			);
			path = ViewModel;
			sourceTree = "<group>";
		};
		1372A07726123B1000A3090F /* City */ = {
			isa = PBXGroup;
			children = (
				1372A07826123B3E00A3090F /* CityModel.swift */,
			);
			path = City;
			sourceTree = "<group>";
		};
		138706E02614884400ADDF9C /* ModuleDetail */ = {
			isa = PBXGroup;
			children = (
				138706E52614898800ADDF9C /* ViewModel */,
				138706E32614897600ADDF9C /* Model */,
				138706E42614898000ADDF9C /* View */,
			);
			path = ModuleDetail;
			sourceTree = "<group>";
		};
		138706E32614897600ADDF9C /* Model */ = {
			isa = PBXGroup;
			children = (
			);
			path = Model;
			sourceTree = "<group>";
		};
		138706E42614898000ADDF9C /* View */ = {
			isa = PBXGroup;
			children = (
				13EBC6F0261730A60008D622 /* Controller */,
				13EBC6F1261730B10008D622 /* View */,
			);
			path = View;
			sourceTree = "<group>";
		};
		138706E52614898800ADDF9C /* ViewModel */ = {
			isa = PBXGroup;
			children = (
				138706EA2614A7B100ADDF9C /* DetailViewViewModel.swift */,
			);
			path = ViewModel;
			sourceTree = "<group>";
		};
		138C665F2619DDA6007DFC6C /* Storyboard */ = {
			isa = PBXGroup;
			children = (
				132342B12602392D00B0C063 /* Main.storyboard */,
				132342B62602392F00B0C063 /* LaunchScreen.storyboard */,
			);
			path = Storyboard;
			sourceTree = "<group>";
		};
		13C5444A261202EF0027E0A6 /* ModuleSearch */ = {
			isa = PBXGroup;
			children = (
				13384B7B26135CA100A18564 /* ViewModel */,
				13384B7A26135C9C00A18564 /* View */,
				13384B7826135C8E00A18564 /* Model */,
			);
			path = ModuleSearch;
			sourceTree = "<group>";
		};
		13EBC6F0261730A60008D622 /* Controller */ = {
			isa = PBXGroup;
			children = (
				138706E12614895D00ADDF9C /* DetailViewController.swift */,
			);
			path = Controller;
			sourceTree = "<group>";
		};
		13EBC6F1261730B10008D622 /* View */ = {
			isa = PBXGroup;
			children = (
				138706E62614A51900ADDF9C /* DetailView.swift */,
				138706E82614A56600ADDF9C /* DetailView + Extenshion.swift */,
			);
			path = View;
			sourceTree = "<group>";
		};
		62C268D7BCA9FACBE1EACB07 /* Pods */ = {
			isa = PBXGroup;
			children = (
			);
			path = Pods;
			sourceTree = "<group>";
		};
/* End PBXGroup section */

/* Begin PBXNativeTarget section */
		132342A72602392D00B0C063 /* WeatherAppMVVM */ = {
			isa = PBXNativeTarget;
			buildConfigurationList = 132342BC2602392F00B0C063 /* Build configuration list for PBXNativeTarget "WeatherAppMVVM" */;
			buildPhases = (
				132342A42602392D00B0C063 /* Sources */,
				132342A52602392D00B0C063 /* Frameworks */,
				132342A62602392D00B0C063 /* Resources */,
			);
			buildRules = (
			);
			dependencies = (
			);
			name = WeatherAppMVVM;
			productName = WeatherAppMVVM;
			productReference = 132342A82602392D00B0C063 /* WeatherAppMVVM.app */;
			productType = "com.apple.product-type.application";
		};
/* End PBXNativeTarget section */

/* Begin PBXProject section */
		132342A02602392D00B0C063 /* Project object */ = {
			isa = PBXProject;
			attributes = {
				LastSwiftUpdateCheck = 1120;
				LastUpgradeCheck = 1120;
				ORGANIZATIONNAME = wolfyteze;
				TargetAttributes = {
					132342A72602392D00B0C063 = {
						CreatedOnToolsVersion = 11.2.1;
					};
				};
			};
			buildConfigurationList = 132342A32602392D00B0C063 /* Build configuration list for PBXProject "WeatherAppMVVM" */;
			compatibilityVersion = "Xcode 9.3";
			developmentRegion = en;
			hasScannedForEncodings = 0;
			knownRegions = (
				en,
				Base,
			);
			mainGroup = 1323429F2602392D00B0C063;
			productRefGroup = 132342A92602392D00B0C063 /* Products */;
			projectDirPath = "";
			projectRoot = "";
			targets = (
				132342A72602392D00B0C063 /* WeatherAppMVVM */,
			);
		};
/* End PBXProject section */

/* Begin PBXResourcesBuildPhase section */
		132342A62602392D00B0C063 /* Resources */ = {
			isa = PBXResourcesBuildPhase;
			buildActionMask = 2147483647;
			files = (
				132342B82602392F00B0C063 /* LaunchScreen.storyboard in Resources */,
				132342B52602392F00B0C063 /* Assets.xcassets in Resources */,
				132342B32602392D00B0C063 /* Main.storyboard in Resources */,
			);
			runOnlyForDeploymentPostprocessing = 0;
		};
/* End PBXResourcesBuildPhase section */

/* Begin PBXSourcesBuildPhase section */
		132342A42602392D00B0C063 /* Sources */ = {
			isa = PBXSourcesBuildPhase;
			buildActionMask = 2147483647;
			files = (
				132342C826023D6C00B0C063 /* TestView.swift in Sources */,
				1362F1212604A569009D32A6 /* WeatherModel.swift in Sources */,
				1332D9872609D70F0097F7CA /* MyCollectionViewController.swift in Sources */,
				132342C626023ABF00B0C063 /* MainViewModel.swift in Sources */,
				132342CF26024E3D00B0C063 /* NetworkService.swift in Sources */,
				138706E72614A51900ADDF9C /* DetailView.swift in Sources */,
				132342B02602392D00B0C063 /* ViewController.swift in Sources */,
				138706E22614895D00ADDF9C /* DetailViewController.swift in Sources */,
				13384B7D26135D7C00A18564 /* SearchViewModel.swift in Sources */,
				1332D9932609FB110097F7CA /* MainCityTableViewCell.swift in Sources */,
				13C5444C2612034F0027E0A6 /* SearchViewController.swift in Sources */,
				132342AC2602392D00B0C063 /* AppDelegate.swift in Sources */,
				13B17CD9260A72DA0034D45C /* DefaultSettings.swift in Sources */,
				132342C1260239CA00B0C063 /* ViewData.swift in Sources */,
				1332D98F2609F8D20097F7CA /* MainCityTableViewController.swift in Sources */,
				13156C2C2616632D00EE8CB5 /* MainCityTableViewCell+extenshion.swift in Sources */,
				138706E92614A56600ADDF9C /* DetailView + Extenshion.swift in Sources */,
				132342AE2602392D00B0C063 /* SceneDelegate.swift in Sources */,
				1372A07926123B3E00A3090F /* CityModel.swift in Sources */,
				13384B7F26135FC300A18564 /* SearchViewCell.swift in Sources */,
				1332D9952609FC240097F7CA /* MainCityViewModel.swift in Sources */,
				138706EB2614A7B100ADDF9C /* DetailViewViewModel.swift in Sources */,
				132342CA26023DB900B0C063 /* TestView + Extension.swift in Sources */,
			);
			runOnlyForDeploymentPostprocessing = 0;
		};
/* End PBXSourcesBuildPhase section */

/* Begin PBXVariantGroup section */
		132342B12602392D00B0C063 /* Main.storyboard */ = {
			isa = PBXVariantGroup;
			children = (
				132342B22602392D00B0C063 /* Base */,
			);
			name = Main.storyboard;
			sourceTree = "<group>";
		};
		132342B62602392F00B0C063 /* LaunchScreen.storyboard */ = {
			isa = PBXVariantGroup;
			children = (
				132342B72602392F00B0C063 /* Base */,
			);
			name = LaunchScreen.storyboard;
			sourceTree = "<group>";
		};
/* End PBXVariantGroup section */

/* Begin XCBuildConfiguration section */
		132342BA2602392F00B0C063 /* Debug */ = {
			isa = XCBuildConfiguration;
			buildSettings = {
				ALWAYS_SEARCH_USER_PATHS = NO;
				CLANG_ANALYZER_NONNULL = YES;
				CLANG_ANALYZER_NUMBER_OBJECT_CONVERSION = YES_AGGRESSIVE;
				CLANG_CXX_LANGUAGE_STANDARD = "gnu++14";
				CLANG_CXX_LIBRARY = "libc++";
				CLANG_ENABLE_MODULES = YES;
				CLANG_ENABLE_OBJC_ARC = YES;
				CLANG_ENABLE_OBJC_WEAK = YES;
				CLANG_WARN_BLOCK_CAPTURE_AUTORELEASING = YES;
				CLANG_WARN_BOOL_CONVERSION = YES;
				CLANG_WARN_COMMA = YES;
				CLANG_WARN_CONSTANT_CONVERSION = YES;
				CLANG_WARN_DEPRECATED_OBJC_IMPLEMENTATIONS = YES;
				CLANG_WARN_DIRECT_OBJC_ISA_USAGE = YES_ERROR;
				CLANG_WARN_DOCUMENTATION_COMMENTS = YES;
				CLANG_WARN_EMPTY_BODY = YES;
				CLANG_WARN_ENUM_CONVERSION = YES;
				CLANG_WARN_INFINITE_RECURSION = YES;
				CLANG_WARN_INT_CONVERSION = YES;
				CLANG_WARN_NON_LITERAL_NULL_CONVERSION = YES;
				CLANG_WARN_OBJC_IMPLICIT_RETAIN_SELF = YES;
				CLANG_WARN_OBJC_LITERAL_CONVERSION = YES;
				CLANG_WARN_OBJC_ROOT_CLASS = YES_ERROR;
				CLANG_WARN_RANGE_LOOP_ANALYSIS = YES;
				CLANG_WARN_STRICT_PROTOTYPES = YES;
				CLANG_WARN_SUSPICIOUS_MOVE = YES;
				CLANG_WARN_UNGUARDED_AVAILABILITY = YES_AGGRESSIVE;
				CLANG_WARN_UNREACHABLE_CODE = YES;
				CLANG_WARN__DUPLICATE_METHOD_MATCH = YES;
				COPY_PHASE_STRIP = NO;
				DEBUG_INFORMATION_FORMAT = dwarf;
				ENABLE_STRICT_OBJC_MSGSEND = YES;
				ENABLE_TESTABILITY = YES;
				GCC_C_LANGUAGE_STANDARD = gnu11;
				GCC_DYNAMIC_NO_PIC = NO;
				GCC_NO_COMMON_BLOCKS = YES;
				GCC_OPTIMIZATION_LEVEL = 0;
				GCC_PREPROCESSOR_DEFINITIONS = (
					"DEBUG=1",
					"$(inherited)",
				);
				GCC_WARN_64_TO_32_BIT_CONVERSION = YES;
				GCC_WARN_ABOUT_RETURN_TYPE = YES_ERROR;
				GCC_WARN_UNDECLARED_SELECTOR = YES;
				GCC_WARN_UNINITIALIZED_AUTOS = YES_AGGRESSIVE;
				GCC_WARN_UNUSED_FUNCTION = YES;
				GCC_WARN_UNUSED_VARIABLE = YES;
				IPHONEOS_DEPLOYMENT_TARGET = 13.2;
				MTL_ENABLE_DEBUG_INFO = INCLUDE_SOURCE;
				MTL_FAST_MATH = YES;
				ONLY_ACTIVE_ARCH = YES;
				SDKROOT = iphoneos;
				SWIFT_ACTIVE_COMPILATION_CONDITIONS = DEBUG;
				SWIFT_OPTIMIZATION_LEVEL = "-Onone";
			};
			name = Debug;
		};
		132342BB2602392F00B0C063 /* Release */ = {
			isa = XCBuildConfiguration;
			buildSettings = {
				ALWAYS_SEARCH_USER_PATHS = NO;
				CLANG_ANALYZER_NONNULL = YES;
				CLANG_ANALYZER_NUMBER_OBJECT_CONVERSION = YES_AGGRESSIVE;
				CLANG_CXX_LANGUAGE_STANDARD = "gnu++14";
				CLANG_CXX_LIBRARY = "libc++";
				CLANG_ENABLE_MODULES = YES;
				CLANG_ENABLE_OBJC_ARC = YES;
				CLANG_ENABLE_OBJC_WEAK = YES;
				CLANG_WARN_BLOCK_CAPTURE_AUTORELEASING = YES;
				CLANG_WARN_BOOL_CONVERSION = YES;
				CLANG_WARN_COMMA = YES;
				CLANG_WARN_CONSTANT_CONVERSION = YES;
				CLANG_WARN_DEPRECATED_OBJC_IMPLEMENTATIONS = YES;
				CLANG_WARN_DIRECT_OBJC_ISA_USAGE = YES_ERROR;
				CLANG_WARN_DOCUMENTATION_COMMENTS = YES;
				CLANG_WARN_EMPTY_BODY = YES;
				CLANG_WARN_ENUM_CONVERSION = YES;
				CLANG_WARN_INFINITE_RECURSION = YES;
				CLANG_WARN_INT_CONVERSION = YES;
				CLANG_WARN_NON_LITERAL_NULL_CONVERSION = YES;
				CLANG_WARN_OBJC_IMPLICIT_RETAIN_SELF = YES;
				CLANG_WARN_OBJC_LITERAL_CONVERSION = YES;
				CLANG_WARN_OBJC_ROOT_CLASS = YES_ERROR;
				CLANG_WARN_RANGE_LOOP_ANALYSIS = YES;
				CLANG_WARN_STRICT_PROTOTYPES = YES;
				CLANG_WARN_SUSPICIOUS_MOVE = YES;
				CLANG_WARN_UNGUARDED_AVAILABILITY = YES_AGGRESSIVE;
				CLANG_WARN_UNREACHABLE_CODE = YES;
				CLANG_WARN__DUPLICATE_METHOD_MATCH = YES;
				COPY_PHASE_STRIP = NO;
				DEBUG_INFORMATION_FORMAT = "dwarf-with-dsym";
				ENABLE_NS_ASSERTIONS = NO;
				ENABLE_STRICT_OBJC_MSGSEND = YES;
				GCC_C_LANGUAGE_STANDARD = gnu11;
				GCC_NO_COMMON_BLOCKS = YES;
				GCC_WARN_64_TO_32_BIT_CONVERSION = YES;
				GCC_WARN_ABOUT_RETURN_TYPE = YES_ERROR;
				GCC_WARN_UNDECLARED_SELECTOR = YES;
				GCC_WARN_UNINITIALIZED_AUTOS = YES_AGGRESSIVE;
				GCC_WARN_UNUSED_FUNCTION = YES;
				GCC_WARN_UNUSED_VARIABLE = YES;
				IPHONEOS_DEPLOYMENT_TARGET = 13.2;
				MTL_ENABLE_DEBUG_INFO = NO;
				MTL_FAST_MATH = YES;
				SDKROOT = iphoneos;
				SWIFT_COMPILATION_MODE = wholemodule;
				SWIFT_OPTIMIZATION_LEVEL = "-O";
				VALIDATE_PRODUCT = YES;
			};
			name = Release;
		};
		132342BD2602392F00B0C063 /* Debug */ = {
			isa = XCBuildConfiguration;
			buildSettings = {
				ASSETCATALOG_COMPILER_APPICON_NAME = AppIcon;
				CODE_SIGN_STYLE = Automatic;
				DEVELOPMENT_TEAM = 7UWLMH6524;
				INFOPLIST_FILE = WeatherAppMVVM/Info.plist;
				LD_RUNPATH_SEARCH_PATHS = (
					"$(inherited)",
					"@executable_path/Frameworks",
				);
				PRODUCT_BUNDLE_IDENTIFIER = WT.WeatherAppMVVM;
				PRODUCT_NAME = "$(TARGET_NAME)";
				SWIFT_VERSION = 5.0;
				TARGETED_DEVICE_FAMILY = "1,2";
			};
			name = Debug;
		};
		132342BE2602392F00B0C063 /* Release */ = {
			isa = XCBuildConfiguration;
			buildSettings = {
				ASSETCATALOG_COMPILER_APPICON_NAME = AppIcon;
				CODE_SIGN_STYLE = Automatic;
				DEVELOPMENT_TEAM = 7UWLMH6524;
				INFOPLIST_FILE = WeatherAppMVVM/Info.plist;
				LD_RUNPATH_SEARCH_PATHS = (
					"$(inherited)",
					"@executable_path/Frameworks",
				);
				PRODUCT_BUNDLE_IDENTIFIER = WT.WeatherAppMVVM;
				PRODUCT_NAME = "$(TARGET_NAME)";
				SWIFT_VERSION = 5.0;
				TARGETED_DEVICE_FAMILY = "1,2";
			};
			name = Release;
		};
/* End XCBuildConfiguration section */

/* Begin XCConfigurationList section */
		132342A32602392D00B0C063 /* Build configuration list for PBXProject "WeatherAppMVVM" */ = {
			isa = XCConfigurationList;
			buildConfigurations = (
				132342BA2602392F00B0C063 /* Debug */,
				132342BB2602392F00B0C063 /* Release */,
			);
			defaultConfigurationIsVisible = 0;
			defaultConfigurationName = Release;
		};
		132342BC2602392F00B0C063 /* Build configuration list for PBXNativeTarget "WeatherAppMVVM" */ = {
			isa = XCConfigurationList;
			buildConfigurations = (
				132342BD2602392F00B0C063 /* Debug */,
				132342BE2602392F00B0C063 /* Release */,
			);
			defaultConfigurationIsVisible = 0;
			defaultConfigurationName = Release;
		};
/* End XCConfigurationList section */
	};
	rootObject = 132342A02602392D00B0C063 /* Project object */;
}
